
Microsoft Visual Studio Solution File, Format Version 12.00
# Visual Studio 2012
Project("{FAE04EC0-301F-11D3-BF4B-00C04F79EFBC}") = "CertSigning", "CertSigning\CertSigning.csproj", "{98BF11F6-3215-41C5-A7CC-BB883753591E}"
EndProject
Global
	GlobalSection(SolutionConfigurationPlatforms) = preSolution
		Debug|Any CPU = Debug|Any CPU
		Release|Any CPU = Release|Any CPU
	EndGlobalSection
	GlobalSection(ProjectConfigurationPlatforms) = postSolution
		{98BF11F6-3215-41C5-A7CC-BB883753591E}.Debug|Any CPU.ActiveCfg = Debug|Any CPU
		{98BF11F6-3215-41C5-A7CC-BB883753591E}.Debug|Any CPU.Build.0 = Debug|Any CPU
		{98BF11F6-3215-41C5-A7CC-BB883753591E}.Release|Any CPU.ActiveCfg = Release|Any CPU
		{98BF11F6-3215-41C5-A7CC-BB883753591E}.Release|Any CPU.Build.0 = Release|Any CPU
	EndGlobalSection
	GlobalSection(SolutionProperties) = preSolution
		HideSolutionNode = FALSE
	EndGlobalSection
EndGlobal
